
Microsoft Visual Studio Solution File, Format Version 12.00
# Visual Studio 15
VisualStudioVersion = 15.0.28307.1525
MinimumVisualStudioVersion = 10.0.40219.1
Project("{FAE04EC0-301F-11D3-BF4B-00C04F79EFBC}") = "DwgCreator", "DwgCreator\DwgCreator.csproj", "{29BEA8B8-D78D-4000-AFDB-5F5C6F411CB4}"
EndProject
Global
	GlobalSection(SolutionConfigurationPlatforms) = preSolution
		Debug|Any CPU = Debug|Any CPU
		Release|Any CPU = Release|Any CPU
	EndGlobalSection
	GlobalSection(ProjectConfigurationPlatforms) = postSolution
		{29BEA8B8-D78D-4000-AFDB-5F5C6F411CB4}.Debug|Any CPU.ActiveCfg = Debug|Any CPU
		{29BEA8B8-D78D-4000-AFDB-5F5C6F411CB4}.Debug|Any CPU.Build.0 = Debug|Any CPU
		{29BEA8B8-D78D-4000-AFDB-5F5C6F411CB4}.Release|Any CPU.ActiveCfg = Release|Any CPU
		{29BEA8B8-D78D-4000-AFDB-5F5C6F411CB4}.Release|Any CPU.Build.0 = Release|Any CPU
	EndGlobalSection
	GlobalSection(SolutionProperties) = preSolution
		HideSolutionNode = FALSE
	EndGlobalSection
	GlobalSection(ExtensibilityGlobals) = postSolution
		SolutionGuid = {A4CA68DA-CB95-4ED1-BD78-E75CE5E00267}
	EndGlobalSection
EndGlobal
